{
  "name": "portfolio_idoia",
  "lockfileVersion": 2,
  "requires": true,
  "packages": {
    "": {
      "dependencies": {
        "@types/openseadragon": "^3.0.5"
      }
    },
    "node_modules/@types/openseadragon": {
      "version": "3.0.5",
      "resolved": "https://registry.npmjs.org/@types/openseadragon/-/openseadragon-3.0.5.tgz",
      "integrity": "sha512-QzkfbxmoBQTN9+vkTdxka6DOOCY6iAJGo+mRzG/pfmBdz3r3nWRwzSCGB+pZkk6/FursN680G3E/gqi3n1iR4w=="
    }
  },
  "dependencies": {
    "@types/openseadragon": {
      "version": "3.0.5",
      "resolved": "https://registry.npmjs.org/@types/openseadragon/-/openseadragon-3.0.5.tgz",
      "integrity": "sha512-QzkfbxmoBQTN9+vkTdxka6DOOCY6iAJGo+mRzG/pfmBdz3r3nWRwzSCGB+pZkk6/FursN680G3E/gqi3n1iR4w=="
    }
  }
}
